// !$*UTF8*$!
{
	archiveVersion = 1;
	classes = {
	};
	objectVersion = 56;
	objects = {

/* Begin PBXBuildFile section */
		7F0C0CF42A45F05D00C710D7 /* MovieResultCell.swift in Sources */ = {isa = PBXBuildFile; fileRef = 7F0C0CF22A45F05D00C710D7 /* MovieResultCell.swift */; };
		7F0C0CF52A45F05D00C710D7 /* MovieResultCell.xib in Resources */ = {isa = PBXBuildFile; fileRef = 7F0C0CF32A45F05D00C710D7 /* MovieResultCell.xib */; };
		7F0C0CF82A45F2D900C710D7 /* ReusableXIB.swift in Sources */ = {isa = PBXBuildFile; fileRef = 7F0C0CF72A45F2D900C710D7 /* ReusableXIB.swift */; };
		7F1953EB2A44BA6C0058379C /* AppDelegate.swift in Sources */ = {isa = PBXBuildFile; fileRef = 7F1953EA2A44BA6C0058379C /* AppDelegate.swift */; };
		7F1953ED2A44BA6C0058379C /* SceneDelegate.swift in Sources */ = {isa = PBXBuildFile; fileRef = 7F1953EC2A44BA6C0058379C /* SceneDelegate.swift */; };
		7F1953F42A44BA6F0058379C /* Assets.xcassets in Resources */ = {isa = PBXBuildFile; fileRef = 7F1953F32A44BA6F0058379C /* Assets.xcassets */; };
		7F1953F72A44BA6F0058379C /* LaunchScreen.storyboard in Resources */ = {isa = PBXBuildFile; fileRef = 7F1953F52A44BA6F0058379C /* LaunchScreen.storyboard */; };
		7F1954002A44BAB40058379C /* MovieDetailVC.swift in Sources */ = {isa = PBXBuildFile; fileRef = 7F1953FE2A44BAB40058379C /* MovieDetailVC.swift */; };
		7F20D9D02A44BAF8002A8937 /* MovieDetailVC.xib in Resources */ = {isa = PBXBuildFile; fileRef = 7F20D9CF2A44BAF8002A8937 /* MovieDetailVC.xib */; };
		7F20D9D32A44BB4F002A8937 /* MovieSearchVC.swift in Sources */ = {isa = PBXBuildFile; fileRef = 7F20D9D12A44BB4F002A8937 /* MovieSearchVC.swift */; };
		7F20D9D42A44BB4F002A8937 /* MovieSearchVC.xib in Resources */ = {isa = PBXBuildFile; fileRef = 7F20D9D22A44BB4F002A8937 /* MovieSearchVC.xib */; };
		7F28B8382A47FF4300832AF0 /* MovieSearchPresenter.swift in Sources */ = {isa = PBXBuildFile; fileRef = 7F28B8372A47FF4300832AF0 /* MovieSearchPresenter.swift */; };
		7F28B83B2A48000C00832AF0 /* UIImageView + Extensions.swift in Sources */ = {isa = PBXBuildFile; fileRef = 7F28B83A2A48000C00832AF0 /* UIImageView + Extensions.swift */; };
		7F36F3F12A460B44009EF15C /* MovieSearchVCTests.swift in Sources */ = {isa = PBXBuildFile; fileRef = 7F36F3F02A460B44009EF15C /* MovieSearchVCTests.swift */; };
		7F36F3F32A462223009EF15C /* APIProvider.swift in Sources */ = {isa = PBXBuildFile; fileRef = 7F36F3F22A462223009EF15C /* APIProvider.swift */; };
		7F36F3F52A462571009EF15C /* MovieService.swift in Sources */ = {isa = PBXBuildFile; fileRef = 7F36F3F42A462571009EF15C /* MovieService.swift */; };
		7F4BBF272A4A06E5004641CC /* RecentlySearchCell.swift in Sources */ = {isa = PBXBuildFile; fileRef = 7F4BBF252A4A06E5004641CC /* RecentlySearchCell.swift */; };
		7F4BBF282A4A06E5004641CC /* RecentlySearchCell.xib in Resources */ = {isa = PBXBuildFile; fileRef = 7F4BBF262A4A06E5004641CC /* RecentlySearchCell.xib */; };
		7F4BBF2A2A4A4DA1004641CC /* MovieDetailPresenter.swift in Sources */ = {isa = PBXBuildFile; fileRef = 7F4BBF292A4A4D9F004641CC /* MovieDetailPresenter.swift */; };
		7FD404A52A47808700CFBE41 /* movieDetail.json in Resources */ = {isa = PBXBuildFile; fileRef = 7FD404A32A47808700CFBE41 /* movieDetail.json */; };
		7FD404A62A47808700CFBE41 /* queryMovie.json in Resources */ = {isa = PBXBuildFile; fileRef = 7FD404A42A47808700CFBE41 /* queryMovie.json */; };
		7FD404A82A4780CC00CFBE41 /* Movie.swift in Sources */ = {isa = PBXBuildFile; fileRef = 7FD404A72A4780CC00CFBE41 /* Movie.swift */; };
		7FD404AA2A47A78B00CFBE41 /* Secrets.swift in Sources */ = {isa = PBXBuildFile; fileRef = 7FD404A92A47A78B00CFBE41 /* Secrets.swift */; };
		7FD404AC2A47A7D500CFBE41 /* MovieInteractor.swift in Sources */ = {isa = PBXBuildFile; fileRef = 7FD404AB2A47A7D500CFBE41 /* MovieInteractor.swift */; };
		7FDFFAC52A49DC3800A5C7C0 /* TestHelpers.swift in Sources */ = {isa = PBXBuildFile; fileRef = 7FDFFAC42A49DC3800A5C7C0 /* TestHelpers.swift */; };
		7FDFFAC72A49DCFB00A5C7C0 /* MockURLProtocol.swift in Sources */ = {isa = PBXBuildFile; fileRef = 7FDFFAC62A49DCFB00A5C7C0 /* MockURLProtocol.swift */; };
		7FE7D7F22A46A65C00229C2E /* HttpClient.swift in Sources */ = {isa = PBXBuildFile; fileRef = 7FE7D7F12A46A65C00229C2E /* HttpClient.swift */; };
/* End PBXBuildFile section */

/* Begin PBXContainerItemProxy section */
		7F36F3EB2A460B2A009EF15C /* PBXContainerItemProxy */ = {
			isa = PBXContainerItemProxy;
			containerPortal = 7F1953DF2A44BA6C0058379C /* Project object */;
			proxyType = 1;
			remoteGlobalIDString = 7F1953E62A44BA6C0058379C;
			remoteInfo = "Movie+";
		};
/* End PBXContainerItemProxy section */

/* Begin PBXFileReference section */
		7F0C0CF22A45F05D00C710D7 /* MovieResultCell.swift */ = {isa = PBXFileReference; lastKnownFileType = sourcecode.swift; path = MovieResultCell.swift; sourceTree = "<group>"; };
		7F0C0CF32A45F05D00C710D7 /* MovieResultCell.xib */ = {isa = PBXFileReference; lastKnownFileType = file.xib; path = MovieResultCell.xib; sourceTree = "<group>"; };
		7F0C0CF72A45F2D900C710D7 /* ReusableXIB.swift */ = {isa = PBXFileReference; lastKnownFileType = sourcecode.swift; path = ReusableXIB.swift; sourceTree = "<group>"; };
		7F1953E72A44BA6C0058379C /* Movie+.app */ = {isa = PBXFileReference; explicitFileType = wrapper.application; includeInIndex = 0; path = "Movie+.app"; sourceTree = BUILT_PRODUCTS_DIR; };
		7F1953EA2A44BA6C0058379C /* AppDelegate.swift */ = {isa = PBXFileReference; lastKnownFileType = sourcecode.swift; path = AppDelegate.swift; sourceTree = "<group>"; };
		7F1953EC2A44BA6C0058379C /* SceneDelegate.swift */ = {isa = PBXFileReference; lastKnownFileType = sourcecode.swift; path = SceneDelegate.swift; sourceTree = "<group>"; };
		7F1953F32A44BA6F0058379C /* Assets.xcassets */ = {isa = PBXFileReference; lastKnownFileType = folder.assetcatalog; path = Assets.xcassets; sourceTree = "<group>"; };
		7F1953F62A44BA6F0058379C /* Base */ = {isa = PBXFileReference; lastKnownFileType = file.storyboard; name = Base; path = Base.lproj/LaunchScreen.storyboard; sourceTree = "<group>"; };
		7F1953F82A44BA6F0058379C /* Info.plist */ = {isa = PBXFileReference; lastKnownFileType = text.plist.xml; path = Info.plist; sourceTree = "<group>"; };
		7F1953FE2A44BAB40058379C /* MovieDetailVC.swift */ = {isa = PBXFileReference; lastKnownFileType = sourcecode.swift; path = MovieDetailVC.swift; sourceTree = "<group>"; };
		7F20D9CF2A44BAF8002A8937 /* MovieDetailVC.xib */ = {isa = PBXFileReference; fileEncoding = 4; lastKnownFileType = file.xib; path = MovieDetailVC.xib; sourceTree = "<group>"; };
		7F20D9D12A44BB4F002A8937 /* MovieSearchVC.swift */ = {isa = PBXFileReference; lastKnownFileType = sourcecode.swift; path = MovieSearchVC.swift; sourceTree = "<group>"; };
		7F20D9D22A44BB4F002A8937 /* MovieSearchVC.xib */ = {isa = PBXFileReference; lastKnownFileType = file.xib; path = MovieSearchVC.xib; sourceTree = "<group>"; };
		7F28B8372A47FF4300832AF0 /* MovieSearchPresenter.swift */ = {isa = PBXFileReference; lastKnownFileType = sourcecode.swift; path = MovieSearchPresenter.swift; sourceTree = "<group>"; };
		7F28B83A2A48000C00832AF0 /* UIImageView + Extensions.swift */ = {isa = PBXFileReference; lastKnownFileType = sourcecode.swift; path = "UIImageView + Extensions.swift"; sourceTree = "<group>"; };
		7F36F3E72A460B2A009EF15C /* Movie+Tests.xctest */ = {isa = PBXFileReference; explicitFileType = wrapper.cfbundle; includeInIndex = 0; path = "Movie+Tests.xctest"; sourceTree = BUILT_PRODUCTS_DIR; };
		7F36F3F02A460B44009EF15C /* MovieSearchVCTests.swift */ = {isa = PBXFileReference; lastKnownFileType = sourcecode.swift; path = MovieSearchVCTests.swift; sourceTree = "<group>"; };
		7F36F3F22A462223009EF15C /* APIProvider.swift */ = {isa = PBXFileReference; lastKnownFileType = sourcecode.swift; path = APIProvider.swift; sourceTree = "<group>"; };
		7F36F3F42A462571009EF15C /* MovieService.swift */ = {isa = PBXFileReference; lastKnownFileType = sourcecode.swift; path = MovieService.swift; sourceTree = "<group>"; };
		7F4BBF252A4A06E5004641CC /* RecentlySearchCell.swift */ = {isa = PBXFileReference; lastKnownFileType = sourcecode.swift; path = RecentlySearchCell.swift; sourceTree = "<group>"; };
		7F4BBF262A4A06E5004641CC /* RecentlySearchCell.xib */ = {isa = PBXFileReference; lastKnownFileType = file.xib; path = RecentlySearchCell.xib; sourceTree = "<group>"; };
		7F4BBF292A4A4D9F004641CC /* MovieDetailPresenter.swift */ = {isa = PBXFileReference; lastKnownFileType = sourcecode.swift; path = MovieDetailPresenter.swift; sourceTree = "<group>"; };
		7FD404A32A47808700CFBE41 /* movieDetail.json */ = {isa = PBXFileReference; fileEncoding = 4; lastKnownFileType = text.json; path = movieDetail.json; sourceTree = "<group>"; };
		7FD404A42A47808700CFBE41 /* queryMovie.json */ = {isa = PBXFileReference; fileEncoding = 4; lastKnownFileType = text.json; path = queryMovie.json; sourceTree = "<group>"; };
		7FD404A72A4780CC00CFBE41 /* Movie.swift */ = {isa = PBXFileReference; lastKnownFileType = sourcecode.swift; path = Movie.swift; sourceTree = "<group>"; };
		7FD404A92A47A78B00CFBE41 /* Secrets.swift */ = {isa = PBXFileReference; lastKnownFileType = sourcecode.swift; path = Secrets.swift; sourceTree = "<group>"; };
		7FD404AB2A47A7D500CFBE41 /* MovieInteractor.swift */ = {isa = PBXFileReference; lastKnownFileType = sourcecode.swift; path = MovieInteractor.swift; sourceTree = "<group>"; };
		7FDFFAC42A49DC3800A5C7C0 /* TestHelpers.swift */ = {isa = PBXFileReference; lastKnownFileType = sourcecode.swift; path = TestHelpers.swift; sourceTree = "<group>"; };
		7FDFFAC62A49DCFB00A5C7C0 /* MockURLProtocol.swift */ = {isa = PBXFileReference; lastKnownFileType = sourcecode.swift; path = MockURLProtocol.swift; sourceTree = "<group>"; };
		7FE7D7F12A46A65C00229C2E /* HttpClient.swift */ = {isa = PBXFileReference; lastKnownFileType = sourcecode.swift; path = HttpClient.swift; sourceTree = "<group>"; };
/* End PBXFileReference section */

/* Begin PBXFrameworksBuildPhase section */
		7F1953E42A44BA6C0058379C /* Frameworks */ = {
			isa = PBXFrameworksBuildPhase;
			buildActionMask = 2147483647;
			files = (
			);
			runOnlyForDeploymentPostprocessing = 0;
		};
		7F36F3E42A460B2A009EF15C /* Frameworks */ = {
			isa = PBXFrameworksBuildPhase;
			buildActionMask = 2147483647;
			files = (
			);
			runOnlyForDeploymentPostprocessing = 0;
		};
/* End PBXFrameworksBuildPhase section */

/* Begin PBXGroup section */
		7F0C0CED2A45EFF900C710D7 /* Custom */ = {
			isa = PBXGroup;
			children = (
				7F0C0CF22A45F05D00C710D7 /* MovieResultCell.swift */,
				7F0C0CF32A45F05D00C710D7 /* MovieResultCell.xib */,
				7F4BBF252A4A06E5004641CC /* RecentlySearchCell.swift */,
				7F4BBF262A4A06E5004641CC /* RecentlySearchCell.xib */,
			);
			path = Custom;
			sourceTree = "<group>";
		};
		7F0C0CF62A45F2C700C710D7 /* Utilities */ = {
			isa = PBXGroup;
			children = (
				7F0C0CF72A45F2D900C710D7 /* ReusableXIB.swift */,
			);
			path = Utilities;
			sourceTree = "<group>";
		};
		7F1953DE2A44BA6C0058379C = {
			isa = PBXGroup;
			children = (
				7F1953E92A44BA6C0058379C /* Movie+ */,
				7F36F3E82A460B2A009EF15C /* Movie+Tests */,
				7F1953E82A44BA6C0058379C /* Products */,
			);
			sourceTree = "<group>";
		};
		7F1953E82A44BA6C0058379C /* Products */ = {
			isa = PBXGroup;
			children = (
				7F1953E72A44BA6C0058379C /* Movie+.app */,
				7F36F3E72A460B2A009EF15C /* Movie+Tests.xctest */,
			);
			name = Products;
			sourceTree = "<group>";
		};
		7F1953E92A44BA6C0058379C /* Movie+ */ = {
			isa = PBXGroup;
			children = (
				7F28B8392A47FFFE00832AF0 /* Extensions */,
				7F1953EA2A44BA6C0058379C /* AppDelegate.swift */,
				7F1953EC2A44BA6C0058379C /* SceneDelegate.swift */,
				7FD404A92A47A78B00CFBE41 /* Secrets.swift */,
				7FD404A22A47807100CFBE41 /* Stubs */,
				7F0C0CF62A45F2C700C710D7 /* Utilities */,
				7F20D9D52A44BD1C002A8937 /* Remote */,
				7F1953F52A44BA6F0058379C /* LaunchScreen.storyboard */,
				7F1953F32A44BA6F0058379C /* Assets.xcassets */,
				7F1953F82A44BA6F0058379C /* Info.plist */,
				7F1954032A44BAC70058379C /* MovieSearch */,
				7F1954022A44BABD0058379C /* MovieDetail */,
			);
			path = "Movie+";
			sourceTree = "<group>";
		};
		7F1954022A44BABD0058379C /* MovieDetail */ = {
			isa = PBXGroup;
			children = (
				7F20D9CF2A44BAF8002A8937 /* MovieDetailVC.xib */,
				7F1953FE2A44BAB40058379C /* MovieDetailVC.swift */,
				7F4BBF292A4A4D9F004641CC /* MovieDetailPresenter.swift */,
			);
			path = MovieDetail;
			sourceTree = "<group>";
		};
		7F1954032A44BAC70058379C /* MovieSearch */ = {
			isa = PBXGroup;
			children = (
				7F0C0CED2A45EFF900C710D7 /* Custom */,
				7F20D9D12A44BB4F002A8937 /* MovieSearchVC.swift */,
				7F20D9D22A44BB4F002A8937 /* MovieSearchVC.xib */,
				7F28B8372A47FF4300832AF0 /* MovieSearchPresenter.swift */,
			);
			path = MovieSearch;
			sourceTree = "<group>";
		};
		7F20D9D52A44BD1C002A8937 /* Remote */ = {
			isa = PBXGroup;
			children = (
				7FD404A12A47806800CFBE41 /* Model */,
				7F20D9D82A44BD39002A8937 /* Interactor */,
				7F20D9D62A44BD2A002A8937 /* Service */,
			);
			path = Remote;
			sourceTree = "<group>";
		};
		7F20D9D62A44BD2A002A8937 /* Service */ = {
			isa = PBXGroup;
			children = (
				7FD404AD2A47AF1600CFBE41 /* Base */,
				7F36F3F42A462571009EF15C /* MovieService.swift */,
			);
			path = Service;
			sourceTree = "<group>";
		};
		7F20D9D82A44BD39002A8937 /* Interactor */ = {
			isa = PBXGroup;
			children = (
				7FD404AB2A47A7D500CFBE41 /* MovieInteractor.swift */,
			);
			path = Interactor;
			sourceTree = "<group>";
		};
		7F28B8392A47FFFE00832AF0 /* Extensions */ = {
			isa = PBXGroup;
			children = (
				7F28B83A2A48000C00832AF0 /* UIImageView + Extensions.swift */,
			);
			path = Extensions;
			sourceTree = "<group>";
		};
		7F36F3E82A460B2A009EF15C /* Movie+Tests */ = {
			isa = PBXGroup;
			children = (
				7F36F3F02A460B44009EF15C /* MovieSearchVCTests.swift */,
				7FDFFAC42A49DC3800A5C7C0 /* TestHelpers.swift */,
				7FDFFAC62A49DCFB00A5C7C0 /* MockURLProtocol.swift */,
			);
			path = "Movie+Tests";
			sourceTree = "<group>";
		};
		7FD404A12A47806800CFBE41 /* Model */ = {
			isa = PBXGroup;
			children = (
				7FD404A72A4780CC00CFBE41 /* Movie.swift */,
			);
			path = Model;
			sourceTree = "<group>";
		};
		7FD404A22A47807100CFBE41 /* Stubs */ = {
			isa = PBXGroup;
			children = (
				7FD404A32A47808700CFBE41 /* movieDetail.json */,
				7FD404A42A47808700CFBE41 /* queryMovie.json */,
			);
			path = Stubs;
			sourceTree = "<group>";
		};
		7FD404AD2A47AF1600CFBE41 /* Base */ = {
			isa = PBXGroup;
			children = (
				7F36F3F22A462223009EF15C /* APIProvider.swift */,
				7FE7D7F12A46A65C00229C2E /* HttpClient.swift */,
			);
			path = Base;
			sourceTree = "<group>";
		};
/* End PBXGroup section */

/* Begin PBXNativeTarget section */
		7F1953E62A44BA6C0058379C /* Movie+ */ = {
			isa = PBXNativeTarget;
			buildConfigurationList = 7F1953FB2A44BA6F0058379C /* Build configuration list for PBXNativeTarget "Movie+" */;
			buildPhases = (
				7F1953E32A44BA6C0058379C /* Sources */,
				7F1953E42A44BA6C0058379C /* Frameworks */,
				7F1953E52A44BA6C0058379C /* Resources */,
			);
			buildRules = (
			);
			dependencies = (
			);
			name = "Movie+";
			productName = "Movie+";
			productReference = 7F1953E72A44BA6C0058379C /* Movie+.app */;
			productType = "com.apple.product-type.application";
		};
		7F36F3E62A460B2A009EF15C /* Movie+Tests */ = {
			isa = PBXNativeTarget;
			buildConfigurationList = 7F36F3EF2A460B2A009EF15C /* Build configuration list for PBXNativeTarget "Movie+Tests" */;
			buildPhases = (
				7F36F3E32A460B2A009EF15C /* Sources */,
				7F36F3E42A460B2A009EF15C /* Frameworks */,
				7F36F3E52A460B2A009EF15C /* Resources */,
			);
			buildRules = (
			);
			dependencies = (
				7F36F3EC2A460B2A009EF15C /* PBXTargetDependency */,
			);
			name = "Movie+Tests";
			productName = "Movie+Tests";
			productReference = 7F36F3E72A460B2A009EF15C /* Movie+Tests.xctest */;
			productType = "com.apple.product-type.bundle.unit-test";
		};
/* End PBXNativeTarget section */

/* Begin PBXProject section */
		7F1953DF2A44BA6C0058379C /* Project object */ = {
			isa = PBXProject;
			attributes = {
				BuildIndependentTargetsInParallel = 1;
				LastSwiftUpdateCheck = 1420;
				LastUpgradeCheck = 1420;
				TargetAttributes = {
					7F1953E62A44BA6C0058379C = {
						CreatedOnToolsVersion = 14.2;
					};
					7F36F3E62A460B2A009EF15C = {
						CreatedOnToolsVersion = 14.2;
						LastSwiftMigration = 1420;
						TestTargetID = 7F1953E62A44BA6C0058379C;
					};
				};
			};
			buildConfigurationList = 7F1953E22A44BA6C0058379C /* Build configuration list for PBXProject "Movie+" */;
			compatibilityVersion = "Xcode 14.0";
			developmentRegion = en;
			hasScannedForEncodings = 0;
			knownRegions = (
				en,
				Base,
			);
			mainGroup = 7F1953DE2A44BA6C0058379C;
			productRefGroup = 7F1953E82A44BA6C0058379C /* Products */;
			projectDirPath = "";
			projectRoot = "";
			targets = (
				7F1953E62A44BA6C0058379C /* Movie+ */,
				7F36F3E62A460B2A009EF15C /* Movie+Tests */,
			);
		};
/* End PBXProject section */

/* Begin PBXResourcesBuildPhase section */
		7F1953E52A44BA6C0058379C /* Resources */ = {
			isa = PBXResourcesBuildPhase;
			buildActionMask = 2147483647;
			files = (
				7F20D9D02A44BAF8002A8937 /* MovieDetailVC.xib in Resources */,
				7F1953F72A44BA6F0058379C /* LaunchScreen.storyboard in Resources */,
				7F1953F42A44BA6F0058379C /* Assets.xcassets in Resources */,
				7F4BBF282A4A06E5004641CC /* RecentlySearchCell.xib in Resources */,
				7FD404A52A47808700CFBE41 /* movieDetail.json in Resources */,
				7F0C0CF52A45F05D00C710D7 /* MovieResultCell.xib in Resources */,
				7F20D9D42A44BB4F002A8937 /* MovieSearchVC.xib in Resources */,
				7FD404A62A47808700CFBE41 /* queryMovie.json in Resources */,
			);
			runOnlyForDeploymentPostprocessing = 0;
		};
		7F36F3E52A460B2A009EF15C /* Resources */ = {
			isa = PBXResourcesBuildPhase;
			buildActionMask = 2147483647;
			files = (
			);
			runOnlyForDeploymentPostprocessing = 0;
		};
/* End PBXResourcesBuildPhase section */

/* Begin PBXSourcesBuildPhase section */
		7F1953E32A44BA6C0058379C /* Sources */ = {
			isa = PBXSourcesBuildPhase;
			buildActionMask = 2147483647;
			files = (
				7F4BBF2A2A4A4DA1004641CC /* MovieDetailPresenter.swift in Sources */,
				7F0C0CF42A45F05D00C710D7 /* MovieResultCell.swift in Sources */,
				7F20D9D32A44BB4F002A8937 /* MovieSearchVC.swift in Sources */,
				7F0C0CF82A45F2D900C710D7 /* ReusableXIB.swift in Sources */,
				7FE7D7F22A46A65C00229C2E /* HttpClient.swift in Sources */,
				7F28B83B2A48000C00832AF0 /* UIImageView + Extensions.swift in Sources */,
				7FD404A82A4780CC00CFBE41 /* Movie.swift in Sources */,
				7F28B8382A47FF4300832AF0 /* MovieSearchPresenter.swift in Sources */,
				7F1953EB2A44BA6C0058379C /* AppDelegate.swift in Sources */,
				7F1954002A44BAB40058379C /* MovieDetailVC.swift in Sources */,
				7FD404AC2A47A7D500CFBE41 /* MovieInteractor.swift in Sources */,
				7F4BBF272A4A06E5004641CC /* RecentlySearchCell.swift in Sources */,
				7F1953ED2A44BA6C0058379C /* SceneDelegate.swift in Sources */,
				7F36F3F52A462571009EF15C /* MovieService.swift in Sources */,
				7F36F3F32A462223009EF15C /* APIProvider.swift in Sources */,
				7FD404AA2A47A78B00CFBE41 /* Secrets.swift in Sources */,
			);
			runOnlyForDeploymentPostprocessing = 0;
		};
		7F36F3E32A460B2A009EF15C /* Sources */ = {
			isa = PBXSourcesBuildPhase;
			buildActionMask = 2147483647;
			files = (
				7FDFFAC72A49DCFB00A5C7C0 /* MockURLProtocol.swift in Sources */,
				7F36F3F12A460B44009EF15C /* MovieSearchVCTests.swift in Sources */,
				7FDFFAC52A49DC3800A5C7C0 /* TestHelpers.swift in Sources */,
			);
			runOnlyForDeploymentPostprocessing = 0;
		};
/* End PBXSourcesBuildPhase section */

/* Begin PBXTargetDependency section */
		7F36F3EC2A460B2A009EF15C /* PBXTargetDependency */ = {
			isa = PBXTargetDependency;
			target = 7F1953E62A44BA6C0058379C /* Movie+ */;
			targetProxy = 7F36F3EB2A460B2A009EF15C /* PBXContainerItemProxy */;
		};
/* End PBXTargetDependency section */

/* Begin PBXVariantGroup section */
		7F1953F52A44BA6F0058379C /* LaunchScreen.storyboard */ = {
			isa = PBXVariantGroup;
			children = (
				7F1953F62A44BA6F0058379C /* Base */,
			);
			name = LaunchScreen.storyboard;
			sourceTree = "<group>";
		};
/* End PBXVariantGroup section */

/* Begin XCBuildConfiguration section */
		7F1953F92A44BA6F0058379C /* Debug */ = {
			isa = XCBuildConfiguration;
			buildSettings = {
				ALWAYS_SEARCH_USER_PATHS = NO;
				CLANG_ANALYZER_NONNULL = YES;
				CLANG_ANALYZER_NUMBER_OBJECT_CONVERSION = YES_AGGRESSIVE;
				CLANG_CXX_LANGUAGE_STANDARD = "gnu++20";
				CLANG_ENABLE_MODULES = YES;
				CLANG_ENABLE_OBJC_ARC = YES;
				CLANG_ENABLE_OBJC_WEAK = YES;
				CLANG_WARN_BLOCK_CAPTURE_AUTORELEASING = YES;
				CLANG_WARN_BOOL_CONVERSION = YES;
				CLANG_WARN_COMMA = YES;
				CLANG_WARN_CONSTANT_CONVERSION = YES;
				CLANG_WARN_DEPRECATED_OBJC_IMPLEMENTATIONS = YES;
				CLANG_WARN_DIRECT_OBJC_ISA_USAGE = YES_ERROR;
				CLANG_WARN_DOCUMENTATION_COMMENTS = YES;
				CLANG_WARN_EMPTY_BODY = YES;
				CLANG_WARN_ENUM_CONVERSION = YES;
				CLANG_WARN_INFINITE_RECURSION = YES;
				CLANG_WARN_INT_CONVERSION = YES;
				CLANG_WARN_NON_LITERAL_NULL_CONVERSION = YES;
				CLANG_WARN_OBJC_IMPLICIT_RETAIN_SELF = YES;
				CLANG_WARN_OBJC_LITERAL_CONVERSION = YES;
				CLANG_WARN_OBJC_ROOT_CLASS = YES_ERROR;
				CLANG_WARN_QUOTED_INCLUDE_IN_FRAMEWORK_HEADER = YES;
				CLANG_WARN_RANGE_LOOP_ANALYSIS = YES;
				CLANG_WARN_STRICT_PROTOTYPES = YES;
				CLANG_WARN_SUSPICIOUS_MOVE = YES;
				CLANG_WARN_UNGUARDED_AVAILABILITY = YES_AGGRESSIVE;
				CLANG_WARN_UNREACHABLE_CODE = YES;
				CLANG_WARN__DUPLICATE_METHOD_MATCH = YES;
				COPY_PHASE_STRIP = NO;
				DEBUG_INFORMATION_FORMAT = dwarf;
				ENABLE_STRICT_OBJC_MSGSEND = YES;
				ENABLE_TESTABILITY = YES;
				GCC_C_LANGUAGE_STANDARD = gnu11;
				GCC_DYNAMIC_NO_PIC = NO;
				GCC_NO_COMMON_BLOCKS = YES;
				GCC_OPTIMIZATION_LEVEL = 0;
				GCC_PREPROCESSOR_DEFINITIONS = (
					"DEBUG=1",
					"$(inherited)",
				);
				GCC_WARN_64_TO_32_BIT_CONVERSION = YES;
				GCC_WARN_ABOUT_RETURN_TYPE = YES_ERROR;
				GCC_WARN_UNDECLARED_SELECTOR = YES;
				GCC_WARN_UNINITIALIZED_AUTOS = YES_AGGRESSIVE;
				GCC_WARN_UNUSED_FUNCTION = YES;
				GCC_WARN_UNUSED_VARIABLE = YES;
				IPHONEOS_DEPLOYMENT_TARGET = 13.0;
				MTL_ENABLE_DEBUG_INFO = INCLUDE_SOURCE;
				MTL_FAST_MATH = YES;
				ONLY_ACTIVE_ARCH = YES;
				SDKROOT = iphoneos;
				SWIFT_ACTIVE_COMPILATION_CONDITIONS = DEBUG;
				SWIFT_OPTIMIZATION_LEVEL = "-Onone";
			};
			name = Debug;
		};
		7F1953FA2A44BA6F0058379C /* Release */ = {
			isa = XCBuildConfiguration;
			buildSettings = {
				ALWAYS_SEARCH_USER_PATHS = NO;
				CLANG_ANALYZER_NONNULL = YES;
				CLANG_ANALYZER_NUMBER_OBJECT_CONVERSION = YES_AGGRESSIVE;
				CLANG_CXX_LANGUAGE_STANDARD = "gnu++20";
				CLANG_ENABLE_MODULES = YES;
				CLANG_ENABLE_OBJC_ARC = YES;
				CLANG_ENABLE_OBJC_WEAK = YES;
				CLANG_WARN_BLOCK_CAPTURE_AUTORELEASING = YES;
				CLANG_WARN_BOOL_CONVERSION = YES;
				CLANG_WARN_COMMA = YES;
				CLANG_WARN_CONSTANT_CONVERSION = YES;
				CLANG_WARN_DEPRECATED_OBJC_IMPLEMENTATIONS = YES;
				CLANG_WARN_DIRECT_OBJC_ISA_USAGE = YES_ERROR;
				CLANG_WARN_DOCUMENTATION_COMMENTS = YES;
				CLANG_WARN_EMPTY_BODY = YES;
				CLANG_WARN_ENUM_CONVERSION = YES;
				CLANG_WARN_INFINITE_RECURSION = YES;
				CLANG_WARN_INT_CONVERSION = YES;
				CLANG_WARN_NON_LITERAL_NULL_CONVERSION = YES;
				CLANG_WARN_OBJC_IMPLICIT_RETAIN_SELF = YES;
				CLANG_WARN_OBJC_LITERAL_CONVERSION = YES;
				CLANG_WARN_OBJC_ROOT_CLASS = YES_ERROR;
				CLANG_WARN_QUOTED_INCLUDE_IN_FRAMEWORK_HEADER = YES;
				CLANG_WARN_RANGE_LOOP_ANALYSIS = YES;
				CLANG_WARN_STRICT_PROTOTYPES = YES;
				CLANG_WARN_SUSPICIOUS_MOVE = YES;
				CLANG_WARN_UNGUARDED_AVAILABILITY = YES_AGGRESSIVE;
				CLANG_WARN_UNREACHABLE_CODE = YES;
				CLANG_WARN__DUPLICATE_METHOD_MATCH = YES;
				COPY_PHASE_STRIP = NO;
				DEBUG_INFORMATION_FORMAT = "dwarf-with-dsym";
				ENABLE_NS_ASSERTIONS = NO;
				ENABLE_STRICT_OBJC_MSGSEND = YES;
				GCC_C_LANGUAGE_STANDARD = gnu11;
				GCC_NO_COMMON_BLOCKS = YES;
				GCC_WARN_64_TO_32_BIT_CONVERSION = YES;
				GCC_WARN_ABOUT_RETURN_TYPE = YES_ERROR;
				GCC_WARN_UNDECLARED_SELECTOR = YES;
				GCC_WARN_UNINITIALIZED_AUTOS = YES_AGGRESSIVE;
				GCC_WARN_UNUSED_FUNCTION = YES;
				GCC_WARN_UNUSED_VARIABLE = YES;
				IPHONEOS_DEPLOYMENT_TARGET = 13.0;
				MTL_ENABLE_DEBUG_INFO = NO;
				MTL_FAST_MATH = YES;
				SDKROOT = iphoneos;
				SWIFT_COMPILATION_MODE = wholemodule;
				SWIFT_OPTIMIZATION_LEVEL = "-O";
				VALIDATE_PRODUCT = YES;
			};
			name = Release;
		};
		7F1953FC2A44BA6F0058379C /* Debug */ = {
			isa = XCBuildConfiguration;
			buildSettings = {
				ASSETCATALOG_COMPILER_APPICON_NAME = AppIcon;
				ASSETCATALOG_COMPILER_GLOBAL_ACCENT_COLOR_NAME = AccentColor;
				CODE_SIGN_STYLE = Automatic;
				CURRENT_PROJECT_VERSION = 1;
				DEVELOPMENT_TEAM = 66846BKCQ4;
				GENERATE_INFOPLIST_FILE = YES;
				INFOPLIST_FILE = "Movie+/Info.plist";
				INFOPLIST_KEY_UIApplicationSupportsIndirectInputEvents = YES;
				INFOPLIST_KEY_UILaunchStoryboardName = LaunchScreen;
				INFOPLIST_KEY_UISupportedInterfaceOrientations_iPad = "UIInterfaceOrientationPortrait UIInterfaceOrientationPortraitUpsideDown UIInterfaceOrientationLandscapeLeft UIInterfaceOrientationLandscapeRight";
				INFOPLIST_KEY_UISupportedInterfaceOrientations_iPhone = "UIInterfaceOrientationPortrait UIInterfaceOrientationLandscapeLeft UIInterfaceOrientationLandscapeRight";
				IPHONEOS_DEPLOYMENT_TARGET = 13.0;
				LD_RUNPATH_SEARCH_PATHS = (
					"$(inherited)",
					"@executable_path/Frameworks",
				);
				MARKETING_VERSION = 1.0;
				PRODUCT_BUNDLE_IDENTIFIER = "com.esikmalazman.Movie-";
				PRODUCT_NAME = "$(TARGET_NAME)";
				SWIFT_EMIT_LOC_STRINGS = YES;
				SWIFT_VERSION = 5.0;
				TARGETED_DEVICE_FAMILY = "1,2";
			};
			name = Debug;
		};
		7F1953FD2A44BA6F0058379C /* Release */ = {
			isa = XCBuildConfiguration;
			buildSettings = {
				ASSETCATALOG_COMPILER_APPICON_NAME = AppIcon;
				ASSETCATALOG_COMPILER_GLOBAL_ACCENT_COLOR_NAME = AccentColor;
				CODE_SIGN_STYLE = Automatic;
				CURRENT_PROJECT_VERSION = 1;
				DEVELOPMENT_TEAM = 66846BKCQ4;
				GENERATE_INFOPLIST_FILE = YES;
				INFOPLIST_FILE = "Movie+/Info.plist";
				INFOPLIST_KEY_UIApplicationSupportsIndirectInputEvents = YES;
				INFOPLIST_KEY_UILaunchStoryboardName = LaunchScreen;
				INFOPLIST_KEY_UISupportedInterfaceOrientations_iPad = "UIInterfaceOrientationPortrait UIInterfaceOrientationPortraitUpsideDown UIInterfaceOrientationLandscapeLeft UIInterfaceOrientationLandscapeRight";
				INFOPLIST_KEY_UISupportedInterfaceOrientations_iPhone = "UIInterfaceOrientationPortrait UIInterfaceOrientationLandscapeLeft UIInterfaceOrientationLandscapeRight";
				IPHONEOS_DEPLOYMENT_TARGET = 13.0;
				LD_RUNPATH_SEARCH_PATHS = (
					"$(inherited)",
					"@executable_path/Frameworks",
				);
				MARKETING_VERSION = 1.0;
				PRODUCT_BUNDLE_IDENTIFIER = "com.esikmalazman.Movie-";
				PRODUCT_NAME = "$(TARGET_NAME)";
				SWIFT_EMIT_LOC_STRINGS = YES;
				SWIFT_VERSION = 5.0;
				TARGETED_DEVICE_FAMILY = "1,2";
			};
			name = Release;
		};
		7F36F3ED2A460B2A009EF15C /* Debug */ = {
			isa = XCBuildConfiguration;
			buildSettings = {
				BUNDLE_LOADER = "$(TEST_HOST)";
				CLANG_ENABLE_MODULES = YES;
				CODE_SIGN_STYLE = Automatic;
				CURRENT_PROJECT_VERSION = 1;
				DEVELOPMENT_TEAM = 66846BKCQ4;
				GENERATE_INFOPLIST_FILE = YES;
				IPHONEOS_DEPLOYMENT_TARGET = 16.2;
				LD_RUNPATH_SEARCH_PATHS = (
					"$(inherited)",
					"@executable_path/Frameworks",
					"@loader_path/Frameworks",
				);
				MARKETING_VERSION = 1.0;
				PRODUCT_BUNDLE_IDENTIFIER = "com.esikmalazman.Movie-Tests";
				PRODUCT_NAME = "$(TARGET_NAME)";
				SWIFT_EMIT_LOC_STRINGS = NO;
				SWIFT_OPTIMIZATION_LEVEL = "-Onone";
				SWIFT_VERSION = 5.0;
				TARGETED_DEVICE_FAMILY = "1,2";
				TEST_HOST = "$(BUILT_PRODUCTS_DIR)/Movie+.app/$(BUNDLE_EXECUTABLE_FOLDER_PATH)/Movie+";
			};
			name = Debug;
		};
		7F36F3EE2A460B2A009EF15C /* Release */ = {
			isa = XCBuildConfiguration;
			buildSettings = {
				BUNDLE_LOADER = "$(TEST_HOST)";
				CLANG_ENABLE_MODULES = YES;
				CODE_SIGN_STYLE = Automatic;
				CURRENT_PROJECT_VERSION = 1;
				DEVELOPMENT_TEAM = 66846BKCQ4;
				GENERATE_INFOPLIST_FILE = YES;
				IPHONEOS_DEPLOYMENT_TARGET = 16.2;
				LD_RUNPATH_SEARCH_PATHS = (
					"$(inherited)",
					"@executable_path/Frameworks",
					"@loader_path/Frameworks",
				);
				MARKETING_VERSION = 1.0;
				PRODUCT_BUNDLE_IDENTIFIER = "com.esikmalazman.Movie-Tests";
				PRODUCT_NAME = "$(TARGET_NAME)";
				SWIFT_EMIT_LOC_STRINGS = NO;
				SWIFT_VERSION = 5.0;
				TARGETED_DEVICE_FAMILY = "1,2";
				TEST_HOST = "$(BUILT_PRODUCTS_DIR)/Movie+.app/$(BUNDLE_EXECUTABLE_FOLDER_PATH)/Movie+";
			};
			name = Release;
		};
/* End XCBuildConfiguration section */

/* Begin XCConfigurationList section */
		7F1953E22A44BA6C0058379C /* Build configuration list for PBXProject "Movie+" */ = {
			isa = XCConfigurationList;
			buildConfigurations = (
				7F1953F92A44BA6F0058379C /* Debug */,
				7F1953FA2A44BA6F0058379C /* Release */,
			);
			defaultConfigurationIsVisible = 0;
			defaultConfigurationName = Release;
		};
		7F1953FB2A44BA6F0058379C /* Build configuration list for PBXNativeTarget "Movie+" */ = {
			isa = XCConfigurationList;
			buildConfigurations = (
				7F1953FC2A44BA6F0058379C /* Debug */,
				7F1953FD2A44BA6F0058379C /* Release */,
			);
			defaultConfigurationIsVisible = 0;
			defaultConfigurationName = Release;
		};
		7F36F3EF2A460B2A009EF15C /* Build configuration list for PBXNativeTarget "Movie+Tests" */ = {
			isa = XCConfigurationList;
			buildConfigurations = (
				7F36F3ED2A460B2A009EF15C /* Debug */,
				7F36F3EE2A460B2A009EF15C /* Release */,
			);
			defaultConfigurationIsVisible = 0;
			defaultConfigurationName = Release;
		};
/* End XCConfigurationList section */
	};
	rootObject = 7F1953DF2A44BA6C0058379C /* Project object */;
}
